// !$*UTF8*$!
{
	archiveVersion = 1;
	classes = {
	};
	objectVersion = 46;
	objects = {

/* Begin PBXBuildFile section */
		6E16C9321C25556C00FA8649 /* AppDelegate.swift in Sources */ = {isa = PBXBuildFile; fileRef = 6E16C9311C25556C00FA8649 /* AppDelegate.swift */; };
		6E16C9371C25556C00FA8649 /* Main.storyboard in Resources */ = {isa = PBXBuildFile; fileRef = 6E16C9351C25556C00FA8649 /* Main.storyboard */; };
		6E16C93A1C25556C00FA8649 /* Fang0.xcdatamodeld in Sources */ = {isa = PBXBuildFile; fileRef = 6E16C9381C25556C00FA8649 /* Fang0.xcdatamodeld */; };
		6E16C93C1C25556C00FA8649 /* Assets.xcassets in Resources */ = {isa = PBXBuildFile; fileRef = 6E16C93B1C25556C00FA8649 /* Assets.xcassets */; };
		6E16C93F1C25556C00FA8649 /* LaunchScreen.storyboard in Resources */ = {isa = PBXBuildFile; fileRef = 6E16C93D1C25556C00FA8649 /* LaunchScreen.storyboard */; };
		6E16C94A1C25556C00FA8649 /* Fang0Tests.swift in Sources */ = {isa = PBXBuildFile; fileRef = 6E16C9491C25556C00FA8649 /* Fang0Tests.swift */; };
		6E16C9551C25556C00FA8649 /* Fang0UITests.swift in Sources */ = {isa = PBXBuildFile; fileRef = 6E16C9541C25556C00FA8649 /* Fang0UITests.swift */; };
		6E16CA761C2561B400FA8649 /* HomeViewController.swift in Sources */ = {isa = PBXBuildFile; fileRef = 6E16CA751C2561B300FA8649 /* HomeViewController.swift */; };
		6E16CB911C2591BD00FA8649 /* CategoryTableViewController.swift in Sources */ = {isa = PBXBuildFile; fileRef = 6E16CB901C2591BD00FA8649 /* CategoryTableViewController.swift */; };
		6E16CB931C25923700FA8649 /* CollectionViewController.swift in Sources */ = {isa = PBXBuildFile; fileRef = 6E16CB921C25923700FA8649 /* CollectionViewController.swift */; };
		6E5FBD481CBCFB8C00A50957 /* HomeHotCollectionViewCell.swift in Sources */ = {isa = PBXBuildFile; fileRef = 6E5FBD471CBCFB8C00A50957 /* HomeHotCollectionViewCell.swift */; };
		6E5FBD4A1CBCFB9E00A50957 /* HomeNewCollectionViewCell.swift in Sources */ = {isa = PBXBuildFile; fileRef = 6E5FBD491CBCFB9E00A50957 /* HomeNewCollectionViewCell.swift */; };
		6EDAD3D91C26915B001E18AF /* ArticleTableViewController.swift in Sources */ = {isa = PBXBuildFile; fileRef = 6EDAD3D81C26915B001E18AF /* ArticleTableViewController.swift */; };
		6EDAD3DB1C269178001E18AF /* ArticleTableViewCell.swift in Sources */ = {isa = PBXBuildFile; fileRef = 6EDAD3DA1C269178001E18AF /* ArticleTableViewCell.swift */; };
		6EDAD3DF1C26E0AA001E18AF /* ArticleDetailViewController.swift in Sources */ = {isa = PBXBuildFile; fileRef = 6EDAD3DE1C26E0AA001E18AF /* ArticleDetailViewController.swift */; };
		6EE8630C1C2670B1000EB5DA /* CategoryTableViewCell.swift in Sources */ = {isa = PBXBuildFile; fileRef = 6EE8630B1C2670B1000EB5DA /* CategoryTableViewCell.swift */; };
		6EF5EB001C259F9E00A2DE8A /* MenuController.swift in Sources */ = {isa = PBXBuildFile; fileRef = 6EF5EAFF1C259F9E00A2DE8A /* MenuController.swift */; };
		CF147E780BA38F0104921D89 /* Pods.framework in Frameworks */ = {isa = PBXBuildFile; fileRef = 592FE66413BF5FAE827F62D0 /* Pods.framework */; };
		E51651FB1C27050400EA8C3C /* SWRevealViewController.m in Sources */ = {isa = PBXBuildFile; fileRef = E51651FA1C27050400EA8C3C /* SWRevealViewController.m */; };
		E56B8EA71CABF8BB00A84333 /* CollectionViewCell.swift in Sources */ = {isa = PBXBuildFile; fileRef = E56B8EA61CABF8BB00A84333 /* CollectionViewCell.swift */; };
		E57A979E1CA2EB8D00783596 /* LoginViewController.swift in Sources */ = {isa = PBXBuildFile; fileRef = E57A979D1CA2EB8D00783596 /* LoginViewController.swift */; };
		E5DBBCEE1CBA9C230061C104 /* RecommendCollectionViewCell.swift in Sources */ = {isa = PBXBuildFile; fileRef = E5DBBCED1CBA9C230061C104 /* RecommendCollectionViewCell.swift */; };
		E5FC4F111CB4B8530065AAE3 /* CollectionArticlesViewController.swift in Sources */ = {isa = PBXBuildFile; fileRef = E5FC4F101CB4B8530065AAE3 /* CollectionArticlesViewController.swift */; };
		E5FC4F131CB4BAA30065AAE3 /* CollectionArticlesViewCell.swift in Sources */ = {isa = PBXBuildFile; fileRef = E5FC4F121CB4BAA30065AAE3 /* CollectionArticlesViewCell.swift */; };
		E5FC4F151CB5181C0065AAE3 /* Social.framework in Frameworks */ = {isa = PBXBuildFile; fileRef = E5FC4F141CB5181C0065AAE3 /* Social.framework */; };
/* End PBXBuildFile section */

/* Begin PBXContainerItemProxy section */
		6E16C9461C25556C00FA8649 /* PBXContainerItemProxy */ = {
			isa = PBXContainerItemProxy;
			containerPortal = 6E16C9261C25556B00FA8649 /* Project object */;
			proxyType = 1;
			remoteGlobalIDString = 6E16C92D1C25556B00FA8649;
			remoteInfo = Fang0;
		};
		6E16C9511C25556C00FA8649 /* PBXContainerItemProxy */ = {
			isa = PBXContainerItemProxy;
			containerPortal = 6E16C9261C25556B00FA8649 /* Project object */;
			proxyType = 1;
			remoteGlobalIDString = 6E16C92D1C25556B00FA8649;
			remoteInfo = Fang0;
		};
/* End PBXContainerItemProxy section */

/* Begin PBXFileReference section */
		0C6BE96BE531084C2F695EA9 /* Pods.release.xcconfig */ = {isa = PBXFileReference; includeInIndex = 1; lastKnownFileType = text.xcconfig; name = Pods.release.xcconfig; path = "Pods/Target Support Files/Pods/Pods.release.xcconfig"; sourceTree = "<group>"; };
		592FE66413BF5FAE827F62D0 /* Pods.framework */ = {isa = PBXFileReference; explicitFileType = wrapper.framework; includeInIndex = 0; path = Pods.framework; sourceTree = BUILT_PRODUCTS_DIR; };
		6E16C92E1C25556C00FA8649 /* Fang0.app */ = {isa = PBXFileReference; explicitFileType = wrapper.application; includeInIndex = 0; path = Fang0.app; sourceTree = BUILT_PRODUCTS_DIR; };
		6E16C9311C25556C00FA8649 /* AppDelegate.swift */ = {isa = PBXFileReference; lastKnownFileType = sourcecode.swift; path = AppDelegate.swift; sourceTree = "<group>"; };
		6E16C9361C25556C00FA8649 /* Base */ = {isa = PBXFileReference; lastKnownFileType = file.storyboard; name = Base; path = Base.lproj/Main.storyboard; sourceTree = "<group>"; };
		6E16C9391C25556C00FA8649 /* Fang0.xcdatamodel */ = {isa = PBXFileReference; lastKnownFileType = wrapper.xcdatamodel; path = Fang0.xcdatamodel; sourceTree = "<group>"; };
		6E16C93B1C25556C00FA8649 /* Assets.xcassets */ = {isa = PBXFileReference; lastKnownFileType = folder.assetcatalog; path = Assets.xcassets; sourceTree = "<group>"; };
		6E16C93E1C25556C00FA8649 /* Base */ = {isa = PBXFileReference; lastKnownFileType = file.storyboard; name = Base; path = Base.lproj/LaunchScreen.storyboard; sourceTree = "<group>"; };
		6E16C9401C25556C00FA8649 /* Info.plist */ = {isa = PBXFileReference; lastKnownFileType = text.plist.xml; path = Info.plist; sourceTree = "<group>"; };
		6E16C9451C25556C00FA8649 /* Fang0Tests.xctest */ = {isa = PBXFileReference; explicitFileType = wrapper.cfbundle; includeInIndex = 0; path = Fang0Tests.xctest; sourceTree = BUILT_PRODUCTS_DIR; };
		6E16C9491C25556C00FA8649 /* Fang0Tests.swift */ = {isa = PBXFileReference; lastKnownFileType = sourcecode.swift; path = Fang0Tests.swift; sourceTree = "<group>"; };
		6E16C94B1C25556C00FA8649 /* Info.plist */ = {isa = PBXFileReference; lastKnownFileType = text.plist.xml; path = Info.plist; sourceTree = "<group>"; };
		6E16C9501C25556C00FA8649 /* Fang0UITests.xctest */ = {isa = PBXFileReference; explicitFileType = wrapper.cfbundle; includeInIndex = 0; path = Fang0UITests.xctest; sourceTree = BUILT_PRODUCTS_DIR; };
		6E16C9541C25556C00FA8649 /* Fang0UITests.swift */ = {isa = PBXFileReference; lastKnownFileType = sourcecode.swift; path = Fang0UITests.swift; sourceTree = "<group>"; };
		6E16C9561C25556C00FA8649 /* Info.plist */ = {isa = PBXFileReference; lastKnownFileType = text.plist.xml; path = Info.plist; sourceTree = "<group>"; };
		6E16CA751C2561B300FA8649 /* HomeViewController.swift */ = {isa = PBXFileReference; fileEncoding = 4; lastKnownFileType = sourcecode.swift; path = HomeViewController.swift; sourceTree = "<group>"; };
		6E16CB901C2591BD00FA8649 /* CategoryTableViewController.swift */ = {isa = PBXFileReference; fileEncoding = 4; lastKnownFileType = sourcecode.swift; path = CategoryTableViewController.swift; sourceTree = "<group>"; };
		6E16CB921C25923700FA8649 /* CollectionViewController.swift */ = {isa = PBXFileReference; fileEncoding = 4; lastKnownFileType = sourcecode.swift; path = CollectionViewController.swift; sourceTree = "<group>"; };
		6E5FBD471CBCFB8C00A50957 /* HomeHotCollectionViewCell.swift */ = {isa = PBXFileReference; fileEncoding = 4; lastKnownFileType = sourcecode.swift; path = HomeHotCollectionViewCell.swift; sourceTree = "<group>"; };
		6E5FBD491CBCFB9E00A50957 /* HomeNewCollectionViewCell.swift */ = {isa = PBXFileReference; fileEncoding = 4; lastKnownFileType = sourcecode.swift; path = HomeNewCollectionViewCell.swift; sourceTree = "<group>"; };
		6EDAD3D81C26915B001E18AF /* ArticleTableViewController.swift */ = {isa = PBXFileReference; fileEncoding = 4; lastKnownFileType = sourcecode.swift; path = ArticleTableViewController.swift; sourceTree = "<group>"; };
		6EDAD3DA1C269178001E18AF /* ArticleTableViewCell.swift */ = {isa = PBXFileReference; fileEncoding = 4; lastKnownFileType = sourcecode.swift; path = ArticleTableViewCell.swift; sourceTree = "<group>"; };
		6EDAD3DE1C26E0AA001E18AF /* ArticleDetailViewController.swift */ = {isa = PBXFileReference; fileEncoding = 4; lastKnownFileType = sourcecode.swift; path = ArticleDetailViewController.swift; sourceTree = "<group>"; };
		6EE8630B1C2670B1000EB5DA /* CategoryTableViewCell.swift */ = {isa = PBXFileReference; fileEncoding = 4; lastKnownFileType = sourcecode.swift; path = CategoryTableViewCell.swift; sourceTree = "<group>"; };
		6EF5EAFF1C259F9E00A2DE8A /* MenuController.swift */ = {isa = PBXFileReference; fileEncoding = 4; lastKnownFileType = sourcecode.swift; path = MenuController.swift; sourceTree = "<group>"; };
		9C94CD73B0F9D4FA9ABA0F9F /* Pods.debug.xcconfig */ = {isa = PBXFileReference; includeInIndex = 1; lastKnownFileType = text.xcconfig; name = Pods.debug.xcconfig; path = "Pods/Target Support Files/Pods/Pods.debug.xcconfig"; sourceTree = "<group>"; };
		E51651F81C27050400EA8C3C /* Bridgin-Header.h */ = {isa = PBXFileReference; fileEncoding = 4; lastKnownFileType = sourcecode.c.h; path = "Bridgin-Header.h"; sourceTree = "<group>"; };
		E51651F91C27050400EA8C3C /* SWRevealViewController.h */ = {isa = PBXFileReference; fileEncoding = 4; lastKnownFileType = sourcecode.c.h; path = SWRevealViewController.h; sourceTree = "<group>"; };
		E51651FA1C27050400EA8C3C /* SWRevealViewController.m */ = {isa = PBXFileReference; fileEncoding = 4; lastKnownFileType = sourcecode.c.objc; path = SWRevealViewController.m; sourceTree = "<group>"; };
		E56B8EA61CABF8BB00A84333 /* CollectionViewCell.swift */ = {isa = PBXFileReference; fileEncoding = 4; lastKnownFileType = sourcecode.swift; path = CollectionViewCell.swift; sourceTree = "<group>"; };
		E57A979D1CA2EB8D00783596 /* LoginViewController.swift */ = {isa = PBXFileReference; fileEncoding = 4; lastKnownFileType = sourcecode.swift; path = LoginViewController.swift; sourceTree = "<group>"; };
		E5DBBCED1CBA9C230061C104 /* RecommendCollectionViewCell.swift */ = {isa = PBXFileReference; fileEncoding = 4; lastKnownFileType = sourcecode.swift; path = RecommendCollectionViewCell.swift; sourceTree = "<group>"; };
		E5FC4F101CB4B8530065AAE3 /* CollectionArticlesViewController.swift */ = {isa = PBXFileReference; fileEncoding = 4; lastKnownFileType = sourcecode.swift; path = CollectionArticlesViewController.swift; sourceTree = "<group>"; };
		E5FC4F121CB4BAA30065AAE3 /* CollectionArticlesViewCell.swift */ = {isa = PBXFileReference; fileEncoding = 4; lastKnownFileType = sourcecode.swift; path = CollectionArticlesViewCell.swift; sourceTree = "<group>"; };
		E5FC4F141CB5181C0065AAE3 /* Social.framework */ = {isa = PBXFileReference; lastKnownFileType = wrapper.framework; name = Social.framework; path = System/Library/Frameworks/Social.framework; sourceTree = SDKROOT; };
/* End PBXFileReference section */

/* Begin PBXFrameworksBuildPhase section */
		6E16C92B1C25556B00FA8649 /* Frameworks */ = {
			isa = PBXFrameworksBuildPhase;
			buildActionMask = 2147483647;
			files = (
				E5FC4F151CB5181C0065AAE3 /* Social.framework in Frameworks */,
				CF147E780BA38F0104921D89 /* Pods.framework in Frameworks */,
			);
			runOnlyForDeploymentPostprocessing = 0;
		};
		6E16C9421C25556C00FA8649 /* Frameworks */ = {
			isa = PBXFrameworksBuildPhase;
			buildActionMask = 2147483647;
			files = (
			);
			runOnlyForDeploymentPostprocessing = 0;
		};
		6E16C94D1C25556C00FA8649 /* Frameworks */ = {
			isa = PBXFrameworksBuildPhase;
			buildActionMask = 2147483647;
			files = (
			);
			runOnlyForDeploymentPostprocessing = 0;
		};
/* End PBXFrameworksBuildPhase section */

/* Begin PBXGroup section */
		088D0FC03BE3979A96411D07 /* Pods */ = {
			isa = PBXGroup;
			children = (
				9C94CD73B0F9D4FA9ABA0F9F /* Pods.debug.xcconfig */,
				0C6BE96BE531084C2F695EA9 /* Pods.release.xcconfig */,
			);
			name = Pods;
			sourceTree = "<group>";
		};
		6E16C9251C25556B00FA8649 = {
			isa = PBXGroup;
			children = (
				E51651F71C27050400EA8C3C /* SWRevealViewController */,
				6E16C9301C25556C00FA8649 /* Fang0 */,
				6E16C9481C25556C00FA8649 /* Fang0Tests */,
				6E16C9531C25556C00FA8649 /* Fang0UITests */,
				6E16C92F1C25556C00FA8649 /* Products */,
				088D0FC03BE3979A96411D07 /* Pods */,
				E2332503D55DCD189158FFFF /* Frameworks */,
			);
			sourceTree = "<group>";
		};
		6E16C92F1C25556C00FA8649 /* Products */ = {
			isa = PBXGroup;
			children = (
				6E16C92E1C25556C00FA8649 /* Fang0.app */,
				6E16C9451C25556C00FA8649 /* Fang0Tests.xctest */,
				6E16C9501C25556C00FA8649 /* Fang0UITests.xctest */,
			);
			name = Products;
			sourceTree = "<group>";
		};
		6E16C9301C25556C00FA8649 /* Fang0 */ = {
			isa = PBXGroup;
			children = (
				6E16C9311C25556C00FA8649 /* AppDelegate.swift */,
				E57A979D1CA2EB8D00783596 /* LoginViewController.swift */,
				6EF5EAFF1C259F9E00A2DE8A /* MenuController.swift */,
				6E16CA751C2561B300FA8649 /* HomeViewController.swift */,
				6E5FBD471CBCFB8C00A50957 /* HomeHotCollectionViewCell.swift */,
				6E5FBD491CBCFB9E00A50957 /* HomeNewCollectionViewCell.swift */,
				6E16CB901C2591BD00FA8649 /* CategoryTableViewController.swift */,
				6EE8630B1C2670B1000EB5DA /* CategoryTableViewCell.swift */,
				6EDAD3D81C26915B001E18AF /* ArticleTableViewController.swift */,
				6EDAD3DA1C269178001E18AF /* ArticleTableViewCell.swift */,
				6EDAD3DE1C26E0AA001E18AF /* ArticleDetailViewController.swift */,
				E5DBBCED1CBA9C230061C104 /* RecommendCollectionViewCell.swift */,
				6E16CB921C25923700FA8649 /* CollectionViewController.swift */,
				E56B8EA61CABF8BB00A84333 /* CollectionViewCell.swift */,
				E5FC4F101CB4B8530065AAE3 /* CollectionArticlesViewController.swift */,
				E5FC4F121CB4BAA30065AAE3 /* CollectionArticlesViewCell.swift */,
				6E16C9351C25556C00FA8649 /* Main.storyboard */,
				6E16C93B1C25556C00FA8649 /* Assets.xcassets */,
				6E16C93D1C25556C00FA8649 /* LaunchScreen.storyboard */,
				6E16C9401C25556C00FA8649 /* Info.plist */,
				6E16C9381C25556C00FA8649 /* Fang0.xcdatamodeld */,
			);
			path = Fang0;
			sourceTree = "<group>";
		};
		6E16C9481C25556C00FA8649 /* Fang0Tests */ = {
			isa = PBXGroup;
			children = (
				6E16C9491C25556C00FA8649 /* Fang0Tests.swift */,
				6E16C94B1C25556C00FA8649 /* Info.plist */,
			);
			path = Fang0Tests;
			sourceTree = "<group>";
		};
		6E16C9531C25556C00FA8649 /* Fang0UITests */ = {
			isa = PBXGroup;
			children = (
				6E16C9541C25556C00FA8649 /* Fang0UITests.swift */,
				6E16C9561C25556C00FA8649 /* Info.plist */,
			);
			path = Fang0UITests;
			sourceTree = "<group>";
		};
		E2332503D55DCD189158FFFF /* Frameworks */ = {
			isa = PBXGroup;
			children = (
				E5FC4F141CB5181C0065AAE3 /* Social.framework */,
				592FE66413BF5FAE827F62D0 /* Pods.framework */,
			);
			name = Frameworks;
			sourceTree = "<group>";
		};
		E51651F71C27050400EA8C3C /* SWRevealViewController */ = {
			isa = PBXGroup;
			children = (
				E51651F81C27050400EA8C3C /* Bridgin-Header.h */,
				E51651F91C27050400EA8C3C /* SWRevealViewController.h */,
				E51651FA1C27050400EA8C3C /* SWRevealViewController.m */,
			);
			path = SWRevealViewController;
			sourceTree = "<group>";
		};
/* End PBXGroup section */

/* Begin PBXNativeTarget section */
		6E16C92D1C25556B00FA8649 /* Fang0 */ = {
			isa = PBXNativeTarget;
			buildConfigurationList = 6E16C9591C25556C00FA8649 /* Build configuration list for PBXNativeTarget "Fang0" */;
			buildPhases = (
				FEB3A64D2A9CE81E6F4FD6C5 /* Check Pods Manifest.lock */,
				6E16C92A1C25556B00FA8649 /* Sources */,
				6E16C92B1C25556B00FA8649 /* Frameworks */,
				6E16C92C1C25556B00FA8649 /* Resources */,
				63D9686ABAD344837DAE264E /* Embed Pods Frameworks */,
				87AE8DEB8FF49742C74857E6 /* Copy Pods Resources */,
			);
			buildRules = (
			);
			dependencies = (
			);
			name = Fang0;
			productName = Fang0;
			productReference = 6E16C92E1C25556C00FA8649 /* Fang0.app */;
			productType = "com.apple.product-type.application";
		};
		6E16C9441C25556C00FA8649 /* Fang0Tests */ = {
			isa = PBXNativeTarget;
			buildConfigurationList = 6E16C95C1C25556C00FA8649 /* Build configuration list for PBXNativeTarget "Fang0Tests" */;
			buildPhases = (
				6E16C9411C25556C00FA8649 /* Sources */,
				6E16C9421C25556C00FA8649 /* Frameworks */,
				6E16C9431C25556C00FA8649 /* Resources */,
			);
			buildRules = (
			);
			dependencies = (
				6E16C9471C25556C00FA8649 /* PBXTargetDependency */,
			);
			name = Fang0Tests;
			productName = Fang0Tests;
			productReference = 6E16C9451C25556C00FA8649 /* Fang0Tests.xctest */;
			productType = "com.apple.product-type.bundle.unit-test";
		};
		6E16C94F1C25556C00FA8649 /* Fang0UITests */ = {
			isa = PBXNativeTarget;
			buildConfigurationList = 6E16C95F1C25556C00FA8649 /* Build configuration list for PBXNativeTarget "Fang0UITests" */;
			buildPhases = (
				6E16C94C1C25556C00FA8649 /* Sources */,
				6E16C94D1C25556C00FA8649 /* Frameworks */,
				6E16C94E1C25556C00FA8649 /* Resources */,
			);
			buildRules = (
			);
			dependencies = (
				6E16C9521C25556C00FA8649 /* PBXTargetDependency */,
			);
			name = Fang0UITests;
			productName = Fang0UITests;
			productReference = 6E16C9501C25556C00FA8649 /* Fang0UITests.xctest */;
			productType = "com.apple.product-type.bundle.ui-testing";
		};
/* End PBXNativeTarget section */

/* Begin PBXProject section */
		6E16C9261C25556B00FA8649 /* Project object */ = {
			isa = PBXProject;
			attributes = {
				LastUpgradeCheck = 0700;
				ORGANIZATIONNAME = TinaTien;
				TargetAttributes = {
					6E16C92D1C25556B00FA8649 = {
						CreatedOnToolsVersion = 7.0.1;
					};
					6E16C9441C25556C00FA8649 = {
						CreatedOnToolsVersion = 7.0.1;
						TestTargetID = 6E16C92D1C25556B00FA8649;
					};
					6E16C94F1C25556C00FA8649 = {
						CreatedOnToolsVersion = 7.0.1;
						TestTargetID = 6E16C92D1C25556B00FA8649;
					};
				};
			};
			buildConfigurationList = 6E16C9291C25556B00FA8649 /* Build configuration list for PBXProject "Fang0" */;
			compatibilityVersion = "Xcode 3.2";
			developmentRegion = English;
			hasScannedForEncodings = 0;
			knownRegions = (
				en,
				Base,
			);
			mainGroup = 6E16C9251C25556B00FA8649;
			productRefGroup = 6E16C92F1C25556C00FA8649 /* Products */;
			projectDirPath = "";
			projectRoot = "";
			targets = (
				6E16C92D1C25556B00FA8649 /* Fang0 */,
				6E16C9441C25556C00FA8649 /* Fang0Tests */,
				6E16C94F1C25556C00FA8649 /* Fang0UITests */,
			);
		};
/* End PBXProject section */

/* Begin PBXResourcesBuildPhase section */
		6E16C92C1C25556B00FA8649 /* Resources */ = {
			isa = PBXResourcesBuildPhase;
			buildActionMask = 2147483647;
			files = (
				6E16C93F1C25556C00FA8649 /* LaunchScreen.storyboard in Resources */,
				6E16C93C1C25556C00FA8649 /* Assets.xcassets in Resources */,
				6E16C9371C25556C00FA8649 /* Main.storyboard in Resources */,
			);
			runOnlyForDeploymentPostprocessing = 0;
		};
		6E16C9431C25556C00FA8649 /* Resources */ = {
			isa = PBXResourcesBuildPhase;
			buildActionMask = 2147483647;
			files = (
			);
			runOnlyForDeploymentPostprocessing = 0;
		};
		6E16C94E1C25556C00FA8649 /* Resources */ = {
			isa = PBXResourcesBuildPhase;
			buildActionMask = 2147483647;
			files = (
			);
			runOnlyForDeploymentPostprocessing = 0;
		};
/* End PBXResourcesBuildPhase section */

/* Begin PBXShellScriptBuildPhase section */
		63D9686ABAD344837DAE264E /* Embed Pods Frameworks */ = {
			isa = PBXShellScriptBuildPhase;
			buildActionMask = 2147483647;
			files = (
			);
			inputPaths = (
			);
			name = "Embed Pods Frameworks";
			outputPaths = (
			);
			runOnlyForDeploymentPostprocessing = 0;
			shellPath = /bin/sh;
			shellScript = "\"${SRCROOT}/Pods/Target Support Files/Pods/Pods-frameworks.sh\"\n";
			showEnvVarsInLog = 0;
		};
		87AE8DEB8FF49742C74857E6 /* Copy Pods Resources */ = {
			isa = PBXShellScriptBuildPhase;
			buildActionMask = 2147483647;
			files = (
			);
			inputPaths = (
			);
			name = "Copy Pods Resources";
			outputPaths = (
			);
			runOnlyForDeploymentPostprocessing = 0;
			shellPath = /bin/sh;
			shellScript = "\"${SRCROOT}/Pods/Target Support Files/Pods/Pods-resources.sh\"\n";
			showEnvVarsInLog = 0;
		};
		FEB3A64D2A9CE81E6F4FD6C5 /* Check Pods Manifest.lock */ = {
			isa = PBXShellScriptBuildPhase;
			buildActionMask = 2147483647;
			files = (
			);
			inputPaths = (
			);
			name = "Check Pods Manifest.lock";
			outputPaths = (
			);
			runOnlyForDeploymentPostprocessing = 0;
			shellPath = /bin/sh;
			shellScript = "diff \"${PODS_ROOT}/../Podfile.lock\" \"${PODS_ROOT}/Manifest.lock\" > /dev/null\nif [[ $? != 0 ]] ; then\n    cat << EOM\nerror: The sandbox is not in sync with the Podfile.lock. Run 'pod install' or update your CocoaPods installation.\nEOM\n    exit 1\nfi\n";
			showEnvVarsInLog = 0;
		};
/* End PBXShellScriptBuildPhase section */

/* Begin PBXSourcesBuildPhase section */
		6E16C92A1C25556B00FA8649 /* Sources */ = {
			isa = PBXSourcesBuildPhase;
			buildActionMask = 2147483647;
			files = (
				E51651FB1C27050400EA8C3C /* SWRevealViewController.m in Sources */,
				6EF5EB001C259F9E00A2DE8A /* MenuController.swift in Sources */,
				6E5FBD4A1CBCFB9E00A50957 /* HomeNewCollectionViewCell.swift in Sources */,
				E56B8EA71CABF8BB00A84333 /* CollectionViewCell.swift in Sources */,
				E5DBBCEE1CBA9C230061C104 /* RecommendCollectionViewCell.swift in Sources */,
				E5FC4F111CB4B8530065AAE3 /* CollectionArticlesViewController.swift in Sources */,
				6E5FBD481CBCFB8C00A50957 /* HomeHotCollectionViewCell.swift in Sources */,
				6E16CB931C25923700FA8649 /* CollectionViewController.swift in Sources */,
				6E16C93A1C25556C00FA8649 /* Fang0.xcdatamodeld in Sources */,
				6EDAD3DB1C269178001E18AF /* ArticleTableViewCell.swift in Sources */,
				6E16CB911C2591BD00FA8649 /* CategoryTableViewController.swift in Sources */,
				E5FC4F131CB4BAA30065AAE3 /* CollectionArticlesViewCell.swift in Sources */,
				6EE8630C1C2670B1000EB5DA /* CategoryTableViewCell.swift in Sources */,
				6EDAD3D91C26915B001E18AF /* ArticleTableViewController.swift in Sources */,
				E57A979E1CA2EB8D00783596 /* LoginViewController.swift in Sources */,
				6EDAD3DF1C26E0AA001E18AF /* ArticleDetailViewController.swift in Sources */,
				6E16CA761C2561B400FA8649 /* HomeViewController.swift in Sources */,
				6E16C9321C25556C00FA8649 /* AppDelegate.swift in Sources */,
			);
			runOnlyForDeploymentPostprocessing = 0;
		};
		6E16C9411C25556C00FA8649 /* Sources */ = {
			isa = PBXSourcesBuildPhase;
			buildActionMask = 2147483647;
			files = (
				6E16C94A1C25556C00FA8649 /* Fang0Tests.swift in Sources */,
			);
			runOnlyForDeploymentPostprocessing = 0;
		};
		6E16C94C1C25556C00FA8649 /* Sources */ = {
			isa = PBXSourcesBuildPhase;
			buildActionMask = 2147483647;
			files = (
				6E16C9551C25556C00FA8649 /* Fang0UITests.swift in Sources */,
			);
			runOnlyForDeploymentPostprocessing = 0;
		};
/* End PBXSourcesBuildPhase section */

/* Begin PBXTargetDependency section */
		6E16C9471C25556C00FA8649 /* PBXTargetDependency */ = {
			isa = PBXTargetDependency;
			target = 6E16C92D1C25556B00FA8649 /* Fang0 */;
			targetProxy = 6E16C9461C25556C00FA8649 /* PBXContainerItemProxy */;
		};
		6E16C9521C25556C00FA8649 /* PBXTargetDependency */ = {
			isa = PBXTargetDependency;
			target = 6E16C92D1C25556B00FA8649 /* Fang0 */;
			targetProxy = 6E16C9511C25556C00FA8649 /* PBXContainerItemProxy */;
		};
/* End PBXTargetDependency section */

/* Begin PBXVariantGroup section */
		6E16C9351C25556C00FA8649 /* Main.storyboard */ = {
			isa = PBXVariantGroup;
			children = (
				6E16C9361C25556C00FA8649 /* Base */,
			);
			name = Main.storyboard;
			sourceTree = "<group>";
		};
		6E16C93D1C25556C00FA8649 /* LaunchScreen.storyboard */ = {
			isa = PBXVariantGroup;
			children = (
				6E16C93E1C25556C00FA8649 /* Base */,
			);
			name = LaunchScreen.storyboard;
			sourceTree = "<group>";
		};
/* End PBXVariantGroup section */

/* Begin XCBuildConfiguration section */
		6E16C9571C25556C00FA8649 /* Debug */ = {
			isa = XCBuildConfiguration;
			buildSettings = {
				ALWAYS_SEARCH_USER_PATHS = NO;
				CLANG_CXX_LANGUAGE_STANDARD = "gnu++0x";
				CLANG_CXX_LIBRARY = "libc++";
				CLANG_ENABLE_MODULES = YES;
				CLANG_ENABLE_OBJC_ARC = YES;
				CLANG_WARN_BOOL_CONVERSION = YES;
				CLANG_WARN_CONSTANT_CONVERSION = YES;
				CLANG_WARN_DIRECT_OBJC_ISA_USAGE = YES_ERROR;
				CLANG_WARN_EMPTY_BODY = YES;
				CLANG_WARN_ENUM_CONVERSION = YES;
				CLANG_WARN_INT_CONVERSION = YES;
				CLANG_WARN_OBJC_ROOT_CLASS = YES_ERROR;
				CLANG_WARN_UNREACHABLE_CODE = YES;
				CLANG_WARN__DUPLICATE_METHOD_MATCH = YES;
				"CODE_SIGN_IDENTITY[sdk=iphoneos*]" = "iPhone Developer";
				COPY_PHASE_STRIP = NO;
				DEBUG_INFORMATION_FORMAT = dwarf;
				ENABLE_STRICT_OBJC_MSGSEND = YES;
				ENABLE_TESTABILITY = YES;
				GCC_C_LANGUAGE_STANDARD = gnu99;
				GCC_DYNAMIC_NO_PIC = NO;
				GCC_NO_COMMON_BLOCKS = YES;
				GCC_OPTIMIZATION_LEVEL = 0;
				GCC_PREPROCESSOR_DEFINITIONS = (
					"DEBUG=1",
					"$(inherited)",
				);
				GCC_WARN_64_TO_32_BIT_CONVERSION = YES;
				GCC_WARN_ABOUT_RETURN_TYPE = YES_ERROR;
				GCC_WARN_UNDECLARED_SELECTOR = YES;
				GCC_WARN_UNINITIALIZED_AUTOS = YES_AGGRESSIVE;
				GCC_WARN_UNUSED_FUNCTION = YES;
				GCC_WARN_UNUSED_VARIABLE = YES;
				IPHONEOS_DEPLOYMENT_TARGET = 9.0;
				MTL_ENABLE_DEBUG_INFO = YES;
				ONLY_ACTIVE_ARCH = YES;
				SDKROOT = iphoneos;
				SWIFT_OPTIMIZATION_LEVEL = "-Onone";
			};
			name = Debug;
		};
		6E16C9581C25556C00FA8649 /* Release */ = {
			isa = XCBuildConfiguration;
			buildSettings = {
				ALWAYS_SEARCH_USER_PATHS = NO;
				CLANG_CXX_LANGUAGE_STANDARD = "gnu++0x";
				CLANG_CXX_LIBRARY = "libc++";
				CLANG_ENABLE_MODULES = YES;
				CLANG_ENABLE_OBJC_ARC = YES;
				CLANG_WARN_BOOL_CONVERSION = YES;
				CLANG_WARN_CONSTANT_CONVERSION = YES;
				CLANG_WARN_DIRECT_OBJC_ISA_USAGE = YES_ERROR;
				CLANG_WARN_EMPTY_BODY = YES;
				CLANG_WARN_ENUM_CONVERSION = YES;
				CLANG_WARN_INT_CONVERSION = YES;
				CLANG_WARN_OBJC_ROOT_CLASS = YES_ERROR;
				CLANG_WARN_UNREACHABLE_CODE = YES;
				CLANG_WARN__DUPLICATE_METHOD_MATCH = YES;
				"CODE_SIGN_IDENTITY[sdk=iphoneos*]" = "iPhone Developer";
				COPY_PHASE_STRIP = NO;
				DEBUG_INFORMATION_FORMAT = "dwarf-with-dsym";
				ENABLE_NS_ASSERTIONS = NO;
				ENABLE_STRICT_OBJC_MSGSEND = YES;
				GCC_C_LANGUAGE_STANDARD = gnu99;
				GCC_NO_COMMON_BLOCKS = YES;
				GCC_WARN_64_TO_32_BIT_CONVERSION = YES;
				GCC_WARN_ABOUT_RETURN_TYPE = YES_ERROR;
				GCC_WARN_UNDECLARED_SELECTOR = YES;
				GCC_WARN_UNINITIALIZED_AUTOS = YES_AGGRESSIVE;
				GCC_WARN_UNUSED_FUNCTION = YES;
				GCC_WARN_UNUSED_VARIABLE = YES;
				IPHONEOS_DEPLOYMENT_TARGET = 9.0;
				MTL_ENABLE_DEBUG_INFO = NO;
				SDKROOT = iphoneos;
				VALIDATE_PRODUCT = YES;
			};
			name = Release;
		};
		6E16C95A1C25556C00FA8649 /* Debug */ = {
			isa = XCBuildConfiguration;
			baseConfigurationReference = 9C94CD73B0F9D4FA9ABA0F9F /* Pods.debug.xcconfig */;
			buildSettings = {
				ASSETCATALOG_COMPILER_APPICON_NAME = AppIcon;
				INFOPLIST_FILE = Fang0/Info.plist;
				LD_RUNPATH_SEARCH_PATHS = "$(inherited) @executable_path/Frameworks";
				PRODUCT_BUNDLE_IDENTIFIER = project.self.Fang0;
				PRODUCT_NAME = "$(TARGET_NAME)";
				SWIFT_OBJC_BRIDGING_HEADER = "Fang0/Bridging-Header.h";
			};
			name = Debug;
		};
		6E16C95B1C25556C00FA8649 /* Release */ = {
			isa = XCBuildConfiguration;
			baseConfigurationReference = 0C6BE96BE531084C2F695EA9 /* Pods.release.xcconfig */;
			buildSettings = {
				ASSETCATALOG_COMPILER_APPICON_NAME = AppIcon;
				INFOPLIST_FILE = Fang0/Info.plist;
				LD_RUNPATH_SEARCH_PATHS = "$(inherited) @executable_path/Frameworks";
				PRODUCT_BUNDLE_IDENTIFIER = project.self.Fang0;
				PRODUCT_NAME = "$(TARGET_NAME)";
				SWIFT_OBJC_BRIDGING_HEADER = "Fang0/Bridging-Header.h";
			};
			name = Release;
		};
		6E16C95D1C25556C00FA8649 /* Debug */ = {
			isa = XCBuildConfiguration;
			buildSettings = {
				BUNDLE_LOADER = "$(TEST_HOST)";
				INFOPLIST_FILE = Fang0Tests/Info.plist;
				LD_RUNPATH_SEARCH_PATHS = "$(inherited) @executable_path/Frameworks @loader_path/Frameworks";
				PRODUCT_BUNDLE_IDENTIFIER = project.self.Fang0Tests;
				PRODUCT_NAME = "$(TARGET_NAME)";
				TEST_HOST = "$(BUILT_PRODUCTS_DIR)/Fang0.app/Fang0";
			};
			name = Debug;
		};
		6E16C95E1C25556C00FA8649 /* Release */ = {
			isa = XCBuildConfiguration;
			buildSettings = {
				BUNDLE_LOADER = "$(TEST_HOST)";
				INFOPLIST_FILE = Fang0Tests/Info.plist;
				LD_RUNPATH_SEARCH_PATHS = "$(inherited) @executable_path/Frameworks @loader_path/Frameworks";
				PRODUCT_BUNDLE_IDENTIFIER = project.self.Fang0Tests;
				PRODUCT_NAME = "$(TARGET_NAME)";
				TEST_HOST = "$(BUILT_PRODUCTS_DIR)/Fang0.app/Fang0";
			};
			name = Release;
		};
		6E16C9601C25556C00FA8649 /* Debug */ = {
			isa = XCBuildConfiguration;
			buildSettings = {
				INFOPLIST_FILE = Fang0UITests/Info.plist;
				LD_RUNPATH_SEARCH_PATHS = "$(inherited) @executable_path/Frameworks @loader_path/Frameworks";
				PRODUCT_BUNDLE_IDENTIFIER = project.self.Fang0UITests;
				PRODUCT_NAME = "$(TARGET_NAME)";
				TEST_TARGET_NAME = Fang0;
				USES_XCTRUNNER = YES;
			};
			name = Debug;
		};
		6E16C9611C25556C00FA8649 /* Release */ = {
			isa = XCBuildConfiguration;
			buildSettings = {
				INFOPLIST_FILE = Fang0UITests/Info.plist;
				LD_RUNPATH_SEARCH_PATHS = "$(inherited) @executable_path/Frameworks @loader_path/Frameworks";
				PRODUCT_BUNDLE_IDENTIFIER = project.self.Fang0UITests;
				PRODUCT_NAME = "$(TARGET_NAME)";
				TEST_TARGET_NAME = Fang0;
				USES_XCTRUNNER = YES;
			};
			name = Release;
		};
/* End XCBuildConfiguration section */

/* Begin XCConfigurationList section */
		6E16C9291C25556B00FA8649 /* Build configuration list for PBXProject "Fang0" */ = {
			isa = XCConfigurationList;
			buildConfigurations = (
				6E16C9571C25556C00FA8649 /* Debug */,
				6E16C9581C25556C00FA8649 /* Release */,
			);
			defaultConfigurationIsVisible = 0;
			defaultConfigurationName = Release;
		};
		6E16C9591C25556C00FA8649 /* Build configuration list for PBXNativeTarget "Fang0" */ = {
			isa = XCConfigurationList;
			buildConfigurations = (
				6E16C95A1C25556C00FA8649 /* Debug */,
				6E16C95B1C25556C00FA8649 /* Release */,
			);
			defaultConfigurationIsVisible = 0;
			defaultConfigurationName = Release;
		};
		6E16C95C1C25556C00FA8649 /* Build configuration list for PBXNativeTarget "Fang0Tests" */ = {
			isa = XCConfigurationList;
			buildConfigurations = (
				6E16C95D1C25556C00FA8649 /* Debug */,
				6E16C95E1C25556C00FA8649 /* Release */,
			);
			defaultConfigurationIsVisible = 0;
			defaultConfigurationName = Release;
		};
		6E16C95F1C25556C00FA8649 /* Build configuration list for PBXNativeTarget "Fang0UITests" */ = {
			isa = XCConfigurationList;
			buildConfigurations = (
				6E16C9601C25556C00FA8649 /* Debug */,
				6E16C9611C25556C00FA8649 /* Release */,
			);
			defaultConfigurationIsVisible = 0;
			defaultConfigurationName = Release;
		};
/* End XCConfigurationList section */

/* Begin XCVersionGroup section */
		6E16C9381C25556C00FA8649 /* Fang0.xcdatamodeld */ = {
			isa = XCVersionGroup;
			children = (
				6E16C9391C25556C00FA8649 /* Fang0.xcdatamodel */,
			);
			currentVersion = 6E16C9391C25556C00FA8649 /* Fang0.xcdatamodel */;
			path = Fang0.xcdatamodeld;
			sourceTree = "<group>";
			versionGroupType = wrapper.xcdatamodel;
		};
/* End XCVersionGroup section */
	};
	rootObject = 6E16C9261C25556B00FA8649 /* Project object */;
}
